// !$*UTF8*$!
{
	archiveVersion = 1;
	classes = {
	};
	objectVersion = 50;
	objects = {

/* Begin PBXBuildFile section */
		BDEDE4D226AF1ECC007B7D5D /* AppDelegate.swift in Sources */ = {isa = PBXBuildFile; fileRef = BDEDE4D126AF1ECC007B7D5D /* AppDelegate.swift */; };
		BDEDE4D426AF1ECC007B7D5D /* SceneDelegate.swift in Sources */ = {isa = PBXBuildFile; fileRef = BDEDE4D326AF1ECC007B7D5D /* SceneDelegate.swift */; };
		BDEDE4D626AF1ECC007B7D5D /* ViewController.swift in Sources */ = {isa = PBXBuildFile; fileRef = BDEDE4D526AF1ECC007B7D5D /* ViewController.swift */; };
		BDEDE4D926AF1ECC007B7D5D /* Main.storyboard in Resources */ = {isa = PBXBuildFile; fileRef = BDEDE4D726AF1ECC007B7D5D /* Main.storyboard */; };
		BDEDE4DB26AF1ED3007B7D5D /* Assets.xcassets in Resources */ = {isa = PBXBuildFile; fileRef = BDEDE4DA26AF1ED3007B7D5D /* Assets.xcassets */; };
		BDEDE4DE26AF1ED3007B7D5D /* LaunchScreen.storyboard in Resources */ = {isa = PBXBuildFile; fileRef = BDEDE4DC26AF1ED3007B7D5D /* LaunchScreen.storyboard */; };
		BDEDE4E726AF1F4C007B7D5D /* TableViewCell.swift in Sources */ = {isa = PBXBuildFile; fileRef = BDEDE4E526AF1F4B007B7D5D /* TableViewCell.swift */; };
		BDEDE4E826AF1F4C007B7D5D /* TableViewCell.xib in Resources */ = {isa = PBXBuildFile; fileRef = BDEDE4E626AF1F4C007B7D5D /* TableViewCell.xib */; };
		BDEDE4EA26AF1FC9007B7D5D /* ColoredData.swift in Sources */ = {isa = PBXBuildFile; fileRef = BDEDE4E926AF1FC9007B7D5D /* ColoredData.swift */; };
/* End PBXBuildFile section */

/* Begin PBXFileReference section */
		BDEDE4CE26AF1ECC007B7D5D /* Animated TableView.app */ = {isa = PBXFileReference; explicitFileType = wrapper.application; includeInIndex = 0; path = "Animated TableView.app"; sourceTree = BUILT_PRODUCTS_DIR; };
		BDEDE4D126AF1ECC007B7D5D /* AppDelegate.swift */ = {isa = PBXFileReference; lastKnownFileType = sourcecode.swift; path = AppDelegate.swift; sourceTree = "<group>"; };
		BDEDE4D326AF1ECC007B7D5D /* SceneDelegate.swift */ = {isa = PBXFileReference; lastKnownFileType = sourcecode.swift; path = SceneDelegate.swift; sourceTree = "<group>"; };
		BDEDE4D526AF1ECC007B7D5D /* ViewController.swift */ = {isa = PBXFileReference; lastKnownFileType = sourcecode.swift; path = ViewController.swift; sourceTree = "<group>"; };
		BDEDE4D826AF1ECC007B7D5D /* Base */ = {isa = PBXFileReference; lastKnownFileType = file.storyboard; name = Base; path = Base.lproj/Main.storyboard; sourceTree = "<group>"; };
		BDEDE4DA26AF1ED3007B7D5D /* Assets.xcassets */ = {isa = PBXFileReference; lastKnownFileType = folder.assetcatalog; path = Assets.xcassets; sourceTree = "<group>"; };
		BDEDE4DD26AF1ED3007B7D5D /* Base */ = {isa = PBXFileReference; lastKnownFileType = file.storyboard; name = Base; path = Base.lproj/LaunchScreen.storyboard; sourceTree = "<group>"; };
		BDEDE4DF26AF1ED3007B7D5D /* Info.plist */ = {isa = PBXFileReference; lastKnownFileType = text.plist.xml; path = Info.plist; sourceTree = "<group>"; };
		BDEDE4E526AF1F4B007B7D5D /* TableViewCell.swift */ = {isa = PBXFileReference; lastKnownFileType = sourcecode.swift; path = TableViewCell.swift; sourceTree = "<group>"; };
		BDEDE4E626AF1F4C007B7D5D /* TableViewCell.xib */ = {isa = PBXFileReference; lastKnownFileType = file.xib; path = TableViewCell.xib; sourceTree = "<group>"; };
		BDEDE4E926AF1FC9007B7D5D /* ColoredData.swift */ = {isa = PBXFileReference; lastKnownFileType = sourcecode.swift; path = ColoredData.swift; sourceTree = "<group>"; };
/* End PBXFileReference section */

/* Begin PBXFrameworksBuildPhase section */
		BDEDE4CB26AF1ECC007B7D5D /* Frameworks */ = {
			isa = PBXFrameworksBuildPhase;
			buildActionMask = 2147483647;
			files = (
			);
			runOnlyForDeploymentPostprocessing = 0;
		};
/* End PBXFrameworksBuildPhase section */

/* Begin PBXGroup section */
		BDEDE4C526AF1ECC007B7D5D = {
			isa = PBXGroup;
			children = (
				BDEDE4D026AF1ECC007B7D5D /* Animated TableView */,
				BDEDE4CF26AF1ECC007B7D5D /* Products */,
			);
			sourceTree = "<group>";
		};
		BDEDE4CF26AF1ECC007B7D5D /* Products */ = {
			isa = PBXGroup;
			children = (
				BDEDE4CE26AF1ECC007B7D5D /* Animated TableView.app */,
			);
			name = Products;
			sourceTree = "<group>";
		};
		BDEDE4D026AF1ECC007B7D5D /* Animated TableView */ = {
			isa = PBXGroup;
			children = (
				BDEDE4D126AF1ECC007B7D5D /* AppDelegate.swift */,
				BDEDE4D326AF1ECC007B7D5D /* SceneDelegate.swift */,
				BDEDE4D526AF1ECC007B7D5D /* ViewController.swift */,
				BDEDE4E926AF1FC9007B7D5D /* ColoredData.swift */,
				BDEDE4E526AF1F4B007B7D5D /* TableViewCell.swift */,
				BDEDE4E626AF1F4C007B7D5D /* TableViewCell.xib */,
				BDEDE4D726AF1ECC007B7D5D /* Main.storyboard */,
				BDEDE4DA26AF1ED3007B7D5D /* Assets.xcassets */,
				BDEDE4DC26AF1ED3007B7D5D /* LaunchScreen.storyboard */,
				BDEDE4DF26AF1ED3007B7D5D /* Info.plist */,
			);
			path = "Animated TableView";
			sourceTree = "<group>";
		};
/* End PBXGroup section */

/* Begin PBXNativeTarget section */
		BDEDE4CD26AF1ECC007B7D5D /* Animated TableView */ = {
			isa = PBXNativeTarget;
			buildConfigurationList = BDEDE4E226AF1ED3007B7D5D /* Build configuration list for PBXNativeTarget "Animated TableView" */;
			buildPhases = (
				BDEDE4CA26AF1ECC007B7D5D /* Sources */,
				BDEDE4CB26AF1ECC007B7D5D /* Frameworks */,
				BDEDE4CC26AF1ECC007B7D5D /* Resources */,
			);
			buildRules = (
			);
			dependencies = (
			);
			name = "Animated TableView";
			productName = "Animated TableView";
			productReference = BDEDE4CE26AF1ECC007B7D5D /* Animated TableView.app */;
			productType = "com.apple.product-type.application";
		};
/* End PBXNativeTarget section */

/* Begin PBXProject section */
		BDEDE4C626AF1ECC007B7D5D /* Project object */ = {
			isa = PBXProject;
			attributes = {
				LastSwiftUpdateCheck = 1140;
				LastUpgradeCheck = 1140;
				ORGANIZATIONNAME = "Akash Stha";
				TargetAttributes = {
					BDEDE4CD26AF1ECC007B7D5D = {
						CreatedOnToolsVersion = 11.4.1;
					};
				};
			};
			buildConfigurationList = BDEDE4C926AF1ECC007B7D5D /* Build configuration list for PBXProject "Animated TableView" */;
			compatibilityVersion = "Xcode 9.3";
			developmentRegion = en;
			hasScannedForEncodings = 0;
			knownRegions = (
				en,
				Base,
			);
			mainGroup = BDEDE4C526AF1ECC007B7D5D;
			productRefGroup = BDEDE4CF26AF1ECC007B7D5D /* Products */;
			projectDirPath = "";
			projectRoot = "";
			targets = (
				BDEDE4CD26AF1ECC007B7D5D /* Animated TableView */,
			);
		};
/* End PBXProject section */

/* Begin PBXResourcesBuildPhase section */
		BDEDE4CC26AF1ECC007B7D5D /* Resources */ = {
			isa = PBXResourcesBuildPhase;
			buildActionMask = 2147483647;
			files = (
				BDEDE4DE26AF1ED3007B7D5D /* LaunchScreen.storyboard in Resources */,
				BDEDE4E826AF1F4C007B7D5D /* TableViewCell.xib in Resources */,
				BDEDE4DB26AF1ED3007B7D5D /* Assets.xcassets in Resources */,
				BDEDE4D926AF1ECC007B7D5D /* Main.storyboard in Resources */,
			);
			runOnlyForDeploymentPostprocessing = 0;
		};
/* End PBXResourcesBuildPhase section */

/* Begin PBXSourcesBuildPhase section */
		BDEDE4CA26AF1ECC007B7D5D /* Sources */ = {
			isa = PBXSourcesBuildPhase;
			buildActionMask = 2147483647;
			files = (
				BDEDE4D626AF1ECC007B7D5D /* ViewController.swift in Sources */,
				BDEDE4E726AF1F4C007B7D5D /* TableViewCell.swift in Sources */,
				BDEDE4D226AF1ECC007B7D5D /* AppDelegate.swift in Sources */,
				BDEDE4D426AF1ECC007B7D5D /* SceneDelegate.swift in Sources */,
				BDEDE4EA26AF1FC9007B7D5D /* ColoredData.swift in Sources */,
			);
			runOnlyForDeploymentPostprocessing = 0;
		};
/* End PBXSourcesBuildPhase section */

/* Begin PBXVariantGroup section */
		BDEDE4D726AF1ECC007B7D5D /* Main.storyboard */ = {
			isa = PBXVariantGroup;
			children = (
				BDEDE4D826AF1ECC007B7D5D /* Base */,
			);
			name = Main.storyboard;
			sourceTree = "<group>";
		};
		BDEDE4DC26AF1ED3007B7D5D /* LaunchScreen.storyboard */ = {
			isa = PBXVariantGroup;
			children = (
				BDEDE4DD26AF1ED3007B7D5D /* Base */,
			);
			name = LaunchScreen.storyboard;
			sourceTree = "<group>";
		};
/* End PBXVariantGroup section */

/* Begin XCBuildConfiguration section */
		BDEDE4E026AF1ED3007B7D5D /* Debug */ = {
			isa = XCBuildConfiguration;
			buildSettings = {
				ALWAYS_SEARCH_USER_PATHS = NO;
				CLANG_ANALYZER_NONNULL = YES;
				CLANG_ANALYZER_NUMBER_OBJECT_CONVERSION = YES_AGGRESSIVE;
				CLANG_CXX_LANGUAGE_STANDARD = "gnu++14";
				CLANG_CXX_LIBRARY = "libc++";
				CLANG_ENABLE_MODULES = YES;
				CLANG_ENABLE_OBJC_ARC = YES;
				CLANG_ENABLE_OBJC_WEAK = YES;
				CLANG_WARN_BLOCK_CAPTURE_AUTORELEASING = YES;
				CLANG_WARN_BOOL_CONVERSION = YES;
				CLANG_WARN_COMMA = YES;
				CLANG_WARN_CONSTANT_CONVERSION = YES;
				CLANG_WARN_DEPRECATED_OBJC_IMPLEMENTATIONS = YES;
				CLANG_WARN_DIRECT_OBJC_ISA_USAGE = YES_ERROR;
				CLANG_WARN_DOCUMENTATION_COMMENTS = YES;
				CLANG_WARN_EMPTY_BODY = YES;
				CLANG_WARN_ENUM_CONVERSION = YES;
				CLANG_WARN_INFINITE_RECURSION = YES;
				CLANG_WARN_INT_CONVERSION = YES;
				CLANG_WARN_NON_LITERAL_NULL_CONVERSION = YES;
				CLANG_WARN_OBJC_IMPLICIT_RETAIN_SELF = YES;
				CLANG_WARN_OBJC_LITERAL_CONVERSION = YES;
				CLANG_WARN_OBJC_ROOT_CLASS = YES_ERROR;
				CLANG_WARN_RANGE_LOOP_ANALYSIS = YES;
				CLANG_WARN_STRICT_PROTOTYPES = YES;
				CLANG_WARN_SUSPICIOUS_MOVE = YES;
				CLANG_WARN_UNGUARDED_AVAILABILITY = YES_AGGRESSIVE;
				CLANG_WARN_UNREACHABLE_CODE = YES;
				CLANG_WARN__DUPLICATE_METHOD_MATCH = YES;
				COPY_PHASE_STRIP = NO;
				DEBUG_INFORMATION_FORMAT = dwarf;
				ENABLE_STRICT_OBJC_MSGSEND = YES;
				ENABLE_TESTABILITY = YES;
				GCC_C_LANGUAGE_STANDARD = gnu11;
				GCC_DYNAMIC_NO_PIC = NO;
				GCC_NO_COMMON_BLOCKS = YES;
				GCC_OPTIMIZATION_LEVEL = 0;
				GCC_PREPROCESSOR_DEFINITIONS = (
					"DEBUG=1",
					"$(inherited)",
				);
				GCC_WARN_64_TO_32_BIT_CONVERSION = YES;
				GCC_WARN_ABOUT_RETURN_TYPE = YES_ERROR;
				GCC_WARN_UNDECLARED_SELECTOR = YES;
				GCC_WARN_UNINITIALIZED_AUTOS = YES_AGGRESSIVE;
				GCC_WARN_UNUSED_FUNCTION = YES;
				GCC_WARN_UNUSED_VARIABLE = YES;
				IPHONEOS_DEPLOYMENT_TARGET = 13.4;
				MTL_ENABLE_DEBUG_INFO = INCLUDE_SOURCE;
				MTL_FAST_MATH = YES;
				ONLY_ACTIVE_ARCH = YES;
				SDKROOT = iphoneos;
				SWIFT_ACTIVE_COMPILATION_CONDITIONS = DEBUG;
				SWIFT_OPTIMIZATION_LEVEL = "-Onone";
			};
			name = Debug;
		};
		BDEDE4E126AF1ED3007B7D5D /* Release */ = {
			isa = XCBuildConfiguration;
			buildSettings = {
				ALWAYS_SEARCH_USER_PATHS = NO;
				CLANG_ANALYZER_NONNULL = YES;
				CLANG_ANALYZER_NUMBER_OBJECT_CONVERSION = YES_AGGRESSIVE;
				CLANG_CXX_LANGUAGE_STANDARD = "gnu++14";
				CLANG_CXX_LIBRARY = "libc++";
				CLANG_ENABLE_MODULES = YES;
				CLANG_ENABLE_OBJC_ARC = YES;
				CLANG_ENABLE_OBJC_WEAK = YES;
				CLANG_WARN_BLOCK_CAPTURE_AUTORELEASING = YES;
				CLANG_WARN_BOOL_CONVERSION = YES;
				CLANG_WARN_COMMA = YES;
				CLANG_WARN_CONSTANT_CONVERSION = YES;
				CLANG_WARN_DEPRECATED_OBJC_IMPLEMENTATIONS = YES;
				CLANG_WARN_DIRECT_OBJC_ISA_USAGE = YES_ERROR;
				CLANG_WARN_DOCUMENTATION_COMMENTS = YES;
				CLANG_WARN_EMPTY_BODY = YES;
				CLANG_WARN_ENUM_CONVERSION = YES;
				CLANG_WARN_INFINITE_RECURSION = YES;
				CLANG_WARN_INT_CONVERSION = YES;
				CLANG_WARN_NON_LITERAL_NULL_CONVERSION = YES;
				CLANG_WARN_OBJC_IMPLICIT_RETAIN_SELF = YES;
				CLANG_WARN_OBJC_LITERAL_CONVERSION = YES;
				CLANG_WARN_OBJC_ROOT_CLASS = YES_ERROR;
				CLANG_WARN_RANGE_LOOP_ANALYSIS = YES;
				CLANG_WARN_STRICT_PROTOTYPES = YES;
				CLANG_WARN_SUSPICIOUS_MOVE = YES;
				CLANG_WARN_UNGUARDED_AVAILABILITY = YES_AGGRESSIVE;
				CLANG_WARN_UNREACHABLE_CODE = YES;
				CLANG_WARN__DUPLICATE_METHOD_MATCH = YES;
				COPY_PHASE_STRIP = NO;
				DEBUG_INFORMATION_FORMAT = "dwarf-with-dsym";
				ENABLE_NS_ASSERTIONS = NO;
				ENABLE_STRICT_OBJC_MSGSEND = YES;
				GCC_C_LANGUAGE_STANDARD = gnu11;
				GCC_NO_COMMON_BLOCKS = YES;
				GCC_WARN_64_TO_32_BIT_CONVERSION = YES;
				GCC_WARN_ABOUT_RETURN_TYPE = YES_ERROR;
				GCC_WARN_UNDECLARED_SELECTOR = YES;
				GCC_WARN_UNINITIALIZED_AUTOS = YES_AGGRESSIVE;
				GCC_WARN_UNUSED_FUNCTION = YES;
				GCC_WARN_UNUSED_VARIABLE = YES;
				IPHONEOS_DEPLOYMENT_TARGET = 13.4;
				MTL_ENABLE_DEBUG_INFO = NO;
				MTL_FAST_MATH = YES;
				SDKROOT = iphoneos;
				SWIFT_COMPILATION_MODE = wholemodule;
				SWIFT_OPTIMIZATION_LEVEL = "-O";
				VALIDATE_PRODUCT = YES;
			};
			name = Release;
		};
		BDEDE4E326AF1ED3007B7D5D /* Debug */ = {
			isa = XCBuildConfiguration;
			buildSettings = {
				ASSETCATALOG_COMPILER_APPICON_NAME = AppIcon;
				CODE_SIGN_STYLE = Automatic;
				DEVELOPMENT_TEAM = 8832GRF37T;
				INFOPLIST_FILE = "Animated TableView/Info.plist";
				IPHONEOS_DEPLOYMENT_TARGET = 13.0;
				LD_RUNPATH_SEARCH_PATHS = (
					"$(inherited)",
					"@executable_path/Frameworks",
				);
				PRODUCT_BUNDLE_IDENTIFIER = "com.akashstha.Animated-TableView";
				PRODUCT_NAME = "$(TARGET_NAME)";
				SWIFT_VERSION = 5.0;
				TARGETED_DEVICE_FAMILY = "1,2";
			};
			name = Debug;
		};
		BDEDE4E426AF1ED3007B7D5D /* Release */ = {
			isa = XCBuildConfiguration;
			buildSettings = {
				ASSETCATALOG_COMPILER_APPICON_NAME = AppIcon;
				CODE_SIGN_STYLE = Automatic;
				DEVELOPMENT_TEAM = 8832GRF37T;
				INFOPLIST_FILE = "Animated TableView/Info.plist";
				IPHONEOS_DEPLOYMENT_TARGET = 13.0;
				LD_RUNPATH_SEARCH_PATHS = (
					"$(inherited)",
					"@executable_path/Frameworks",
				);
				PRODUCT_BUNDLE_IDENTIFIER = "com.akashstha.Animated-TableView";
				PRODUCT_NAME = "$(TARGET_NAME)";
				SWIFT_VERSION = 5.0;
				TARGETED_DEVICE_FAMILY = "1,2";
			};
			name = Release;
		};
/* End XCBuildConfiguration section */

/* Begin XCConfigurationList section */
		BDEDE4C926AF1ECC007B7D5D /* Build configuration list for PBXProject "Animated TableView" */ = {
			isa = XCConfigurationList;
			buildConfigurations = (
				BDEDE4E026AF1ED3007B7D5D /* Debug */,
				BDEDE4E126AF1ED3007B7D5D /* Release */,
			);
			defaultConfigurationIsVisible = 0;
			defaultConfigurationName = Release;
		};
		BDEDE4E226AF1ED3007B7D5D /* Build configuration list for PBXNativeTarget "Animated TableView" */ = {
			isa = XCConfigurationList;
			buildConfigurations = (
				BDEDE4E326AF1ED3007B7D5D /* Debug */,
				BDEDE4E426AF1ED3007B7D5D /* Release */,
			);
			defaultConfigurationIsVisible = 0;
			defaultConfigurationName = Release;
		};
/* End XCConfigurationList section */
	};
	rootObject = BDEDE4C626AF1ECC007B7D5D /* Project object */;
}
